
Microsoft Visual Studio Solution File, Format Version 12.00
# Visual Studio Version 16
VisualStudioVersion = 16.0.32002.261
MinimumVisualStudioVersion = 10.0.40219.1
Project("{FAE04EC0-301F-11D3-BF4B-00C04F79EFBC}") = "SQLite1", "SQLite1\SQLite1.csproj", "{B9BEDB38-CFFF-4B3D-A9F7-3AF654E23946}"
EndProject
Global
	GlobalSection(SolutionConfigurationPlatforms) = preSolution
		Debug|Any CPU = Debug|Any CPU
		Release|Any CPU = Release|Any CPU
	EndGlobalSection
	GlobalSection(ProjectConfigurationPlatforms) = postSolution
		{B9BEDB38-CFFF-4B3D-A9F7-3AF654E23946}.Debug|Any CPU.ActiveCfg = Debug|Any CPU
		{B9BEDB38-CFFF-4B3D-A9F7-3AF654E23946}.Debug|Any CPU.Build.0 = Debug|Any CPU
		{B9BEDB38-CFFF-4B3D-A9F7-3AF654E23946}.Debug|Any CPU.Deploy.0 = Debug|Any CPU
		{B9BEDB38-CFFF-4B3D-A9F7-3AF654E23946}.Release|Any CPU.ActiveCfg = Release|Any CPU
		{B9BEDB38-CFFF-4B3D-A9F7-3AF654E23946}.Release|Any CPU.Build.0 = Release|Any CPU
		{B9BEDB38-CFFF-4B3D-A9F7-3AF654E23946}.Release|Any CPU.Deploy.0 = Release|Any CPU
	EndGlobalSection
	GlobalSection(SolutionProperties) = preSolution
		HideSolutionNode = FALSE
	EndGlobalSection
	GlobalSection(ExtensibilityGlobals) = postSolution
		SolutionGuid = {CF0F5C7E-0654-4B3D-9F46-DA82CDE87C00}
	EndGlobalSection
EndGlobal
